
Microsoft Visual Studio Solution File, Format Version 12.00
Project("{FAE04EC0-301F-11D3-BF4B-00C04F79EFBC}") = "Eflatun.HexMath", "Eflatun.HexMath\Eflatun.HexMath.csproj", "{D57F6EE8-910B-4EBE-A7D5-C251B321875A}"
EndProject
Global
	GlobalSection(SolutionConfigurationPlatforms) = preSolution
		Debug|Any CPU = Debug|Any CPU
		Release|Any CPU = Release|Any CPU
	EndGlobalSection
	GlobalSection(ProjectConfigurationPlatforms) = postSolution
		{D57F6EE8-910B-4EBE-A7D5-C251B321875A}.Debug|Any CPU.ActiveCfg = Debug|Any CPU
		{D57F6EE8-910B-4EBE-A7D5-C251B321875A}.Debug|Any CPU.Build.0 = Debug|Any CPU
		{D57F6EE8-910B-4EBE-A7D5-C251B321875A}.Release|Any CPU.ActiveCfg = Release|Any CPU
		{D57F6EE8-910B-4EBE-A7D5-C251B321875A}.Release|Any CPU.Build.0 = Release|Any CPU
	EndGlobalSection
EndGlobal
